{
  "version": "4",
  "specifiers": {
    "jsr:@eta-dev/eta@*": "3.5.0",
    "jsr:@retraigo/image-size@*": "1.0.0",
    "jsr:@std/path@*": "1.0.8",
    "npm:@types/mdast@*": "4.0.4",
    "npm:@types/node@*": "22.5.4",
    "npm:image-dimensions@*": "2.3.0"
  },
  "jsr": {
    "@eta-dev/eta@3.5.0": {
      "integrity": "6b70827efc14c7cbf08498ac7a922ecab003641caf3852a6cb5b1b12ee58fb37"
    },
    "@retraigo/image-size@1.0.0": {
      "integrity": "18ef3a5449b41ac2325f531a77ea19b10e9ad7b7f5d30a65a456f52c998d2585"
    },
    "@std/path@1.0.8": {
      "integrity": "548fa456bb6a04d3c1a1e7477986b6cffbce95102d0bb447c67c4ee70e0364be"
    }
  },
  "npm": {
    "@types/mdast@4.0.4": {
      "integrity": "sha512-kGaNbPh1k7AFzgpud/gMdvIm5xuECykRR+JnWKQno9TAXVa6WIVCGTPvYGekIDL4uwCZQSYbUxNBSb1aUo79oA==",
      "dependencies": [
        "@types/unist"
      ]
    },
    "@types/node@22.5.4": {
      "integrity": "sha512-FDuKUJQm/ju9fT/SeX/6+gBzoPzlVCzfzmGkwKvRHQVxi4BntVbyIwf6a4Xn62mrvndLiml6z/UBXIdEVjQLXg==",
      "dependencies": [
        "undici-types"
      ]
    },
    "@types/unist@3.0.3": {
      "integrity": "sha512-ko/gIFJRv177XgZsZcBwnqJN5x/Gien8qNOn0D5bQU/zAzVf9Zt3BlcUiLqhV9y4ARk0GbT3tnUiPNgnTXzc/Q=="
    },
    "image-dimensions@2.3.0": {
      "integrity": "sha512-8Ar3lsO6+/JLfnUeHnR8Jp/IyQR85Jut5t4Swy1yiXNwj/xM9h5V53v5KE/m/ZSMG4qGRopnSy37uPzKyQCv0A=="
    },
    "undici-types@6.19.8": {
      "integrity": "sha512-ve2KP6f/JnbPBFyobGHuerC9g1FYGn/F8n1LWTwNxCEzd6IfqTwUQcNXgEtmmQ6DlRrC1hrSrBnCZPokRrDHjw=="
    }
  }
}
